# THIS IS AN AUTOGENERATED FILE. DO NOT EDIT THIS FILE DIRECTLY.
# yarn lockfile v1


complex.js@^2.0.11:
  version "2.0.11"
  resolved "https://registry.npm.taobao.org/complex.js/download/complex.js-2.0.11.tgz#09a873fbf15ffd8c18c9c2201ccef425c32b8bf1"
  integrity sha1-Cahz+/Ff/YwYycIgHM70JcMri/E=

decimal.js@^10.2.1:
  version "10.2.1"
  resolved "https://registry.npm.taobao.org/decimal.js/download/decimal.js-10.2.1.tgz#238ae7b0f0c793d3e3cea410108b35a2c01426a3"
  integrity sha1-I4rnsPDHk9PjzqQQEIs1osAUJqM=

escape-latex@^1.2.0:
  version "1.2.0"
  resolved "https://registry.npm.taobao.org/escape-latex/download/escape-latex-1.2.0.tgz#07c03818cf7dac250cce517f4fda1b001ef2bca1"
  integrity sha1-B8A4GM99rCUMzlF/T9obAB7yvKE=

fraction.js@^4.0.12:
  version "4.0.12"
  resolved "https://registry.npm.taobao.org/fraction.js/download/fraction.js-4.0.12.tgz#0526d47c65a5fb4854df78bc77f7bec708d7b8c3"
  integrity sha1-BSbUfGWl+0hU33i8d/e+xwjXuMM=

javascript-natural-sort@^0.7.1:
  version "0.7.1"
  resolved "https://registry.npm.taobao.org/javascript-natural-sort/download/javascript-natural-sort-0.7.1.tgz#f9e2303d4507f6d74355a73664d1440fb5a0ef59"
  integrity sha1-+eIwPUUH9tdDVac2ZNFED7Wg71k=

mathjs@^7.5.1:
  version "7.5.1"
  resolved "https://registry.npm.taobao.org/mathjs/download/mathjs-7.5.1.tgz?cache=0&sync_timestamp=1602320701516&other_urls=https%3A%2F%2Fregistry.npm.taobao.org%2Fmathjs%2Fdownload%2Fmathjs-7.5.1.tgz#eb125295310a99ddcaf6145c47b09aab36e48274"
  integrity sha1-6xJSlTEKmd3K9hRcR7CaqzbkgnQ=
  dependencies:
    complex.js "^2.0.11"
    decimal.js "^10.2.1"
    escape-latex "^1.2.0"
    fraction.js "^4.0.12"
    javascript-natural-sort "^0.7.1"
    seed-random "^2.2.0"
    tiny-emitter "^2.1.0"
    typed-function "^2.0.0"

seed-random@^2.2.0:
  version "2.2.0"
  resolved "https://registry.npm.taobao.org/seed-random/download/seed-random-2.2.0.tgz#2a9b19e250a817099231a5b99a4daf80b7fbed54"
  integrity sha1-KpsZ4lCoFwmSMaW5mk2vgLf77VQ=

tiny-emitter@^2.1.0:
  version "2.1.0"
  resolved "https://registry.npm.taobao.org/tiny-emitter/download/tiny-emitter-2.1.0.tgz#1d1a56edfc51c43e863cbb5382a72330e3555423"
  integrity sha1-HRpW7fxRxD6GPLtTgqcjMONVVCM=

typed-function@^2.0.0:
  version "2.0.0"
  resolved "https://registry.npm.taobao.org/typed-function/download/typed-function-2.0.0.tgz#15ab3825845138a8b1113bd89e60cd6a435739e8"
  integrity sha1-Fas4JYRROKixETvYnmDNakNXOeg=
